
Microsoft Visual Studio Solution File, Format Version 12.00
# Visual Studio Version 17
VisualStudioVersion = 17.7.34024.191
MinimumVisualStudioVersion = 10.0.40219.1
Project("{FAE04EC0-301F-11D3-BF4B-00C04F79EFBC}") = "EvmPracticum_2_05", "EvmPracticum_2_05\EvmPracticum_2_05.csproj", "{69D07B5F-7789-4137-9641-8E14B4CBE744}"
EndProject
Global
	GlobalSection(SolutionConfigurationPlatforms) = preSolution
		Debug|Any CPU = Debug|Any CPU
		Release|Any CPU = Release|Any CPU
	EndGlobalSection
	GlobalSection(ProjectConfigurationPlatforms) = postSolution
		{69D07B5F-7789-4137-9641-8E14B4CBE744}.Debug|Any CPU.ActiveCfg = Debug|Any CPU
		{69D07B5F-7789-4137-9641-8E14B4CBE744}.Debug|Any CPU.Build.0 = Debug|Any CPU
		{69D07B5F-7789-4137-9641-8E14B4CBE744}.Release|Any CPU.ActiveCfg = Release|Any CPU
		{69D07B5F-7789-4137-9641-8E14B4CBE744}.Release|Any CPU.Build.0 = Release|Any CPU
	EndGlobalSection
	GlobalSection(SolutionProperties) = preSolution
		HideSolutionNode = FALSE
	EndGlobalSection
	GlobalSection(ExtensibilityGlobals) = postSolution
		SolutionGuid = {45567489-4BEE-4267-8A3D-D16CA4392641}
	EndGlobalSection
EndGlobal
